{
    "_readme": [
        "This file locks the dependencies of your project to a known state",
        "Read more about it at http://getcomposer.org/doc/01-basic-usage.md#composer-lock-the-lock-file",
        "This file is @generated automatically"
    ],
    "hash": "03b0d8303e5f76ea53b49939c513fd96",
    "packages": [
        {
            "name": "aura/cli",
            "version": "dev-develop-2",
            "source": {
                "type": "git",
                "url": "https://github.com/auraphp/Aura.Cli.git",
                "reference": "cb6db88391fa094d7954df97fb8972b5c4298880"
            },
            "dist": {
                "type": "zip",
                "url": "https://api.github.com/repos/auraphp/Aura.Cli/zipball/cb6db88391fa094d7954df97fb8972b5c4298880",
                "reference": "cb6db88391fa094d7954df97fb8972b5c4298880",
                "shasum": ""
            },
            "require": {
                "php": ">=5.3.0"
            },
            "type": "library",
            "extra": {
                "aura": {
                    "type": "library",
                    "config": {
                        "common": "Aura\\Cli\\_Config\\Common"
                    }
                },
                "branch-alias": {
                    "dev-develop-2": "2.0.x-dev"
                }
            },
            "autoload": {
                "psr-4": {
                    "Aura\\Cli\\": "src/",
                    "Aura\\Cli\\_Config\\": "config/"
                }
            },
            "notification-url": "https://packagist.org/downloads/",
            "license": [
                "BSD-2-Clause"
            ],
            "authors": [
                {
                    "name": "Aura.Cli Contributors",
                    "homepage": "https://github.com/auraphp/Aura.Cli/contributors"
                }
            ],
            "description": "Provides the equivalent of request (Context) and response (Stdio) classes for a command line environment, including Getopt support.",
            "homepage": "https://github.com/auraphp/Aura.Cli",
            "keywords": [
                "cli",
                "command",
                "command line",
                "getopt",
                "options",
                "stdio"
            ],
            "time": "2015-02-09 23:18:46"
        },
        {
            "name": "aura/router",
            "version": "2.2.0",
            "source": {
                "type": "git",
                "url": "https://github.com/auraphp/Aura.Router.git",
                "reference": "2544c687a5074ca8ce0dbe6d27a04c006a118e2a"
            },
            "dist": {
                "type": "zip",
                "url": "https://api.github.com/repos/auraphp/Aura.Router/zipball/2544c687a5074ca8ce0dbe6d27a04c006a118e2a",
                "reference": "2544c687a5074ca8ce0dbe6d27a04c006a118e2a",
                "shasum": ""
            },
            "require": {
                "php": ">=5.3.0"
            },
            "type": "library",
            "extra": {
                "aura": {
                    "type": "library",
                    "config": {
                        "common": "Aura\\Router\\_Config\\Common"
                    }
                },
                "branch-alias": {
                    "dev-develop-2": "2.0.x-dev"
                }
            },
            "autoload": {
                "psr-4": {
                    "Aura\\Router\\": "src/",
                    "Aura\\Router\\_Config\\": "config/"
                }
            },
            "notification-url": "https://packagist.org/downloads/",
            "license": [
                "BSD-2-Clause"
            ],
            "authors": [
                {
                    "name": "Aura.Router Contributors",
                    "homepage": "https://github.com/auraphp/Aura.Router/contributors"
                }
            ],
            "description": "A web router implementation; given a URI path and a copy of $_SERVER, it will extract path-info parameter values for a specific route.",
            "homepage": "https://github.com/auraphp/Aura.Router",
            "keywords": [
                "route",
                "router",
                "routing"
            ],
            "time": "2014-11-10 15:51:58"
        },
        {
            "name": "aura/web",
            "version": "dev-develop-2",
            "source": {
                "type": "git",
                "url": "https://github.com/auraphp/Aura.Web.git",
                "reference": "6b79ef534ce84a659c24d293b43e3b5eaf81cf36"
            },
            "dist": {
                "type": "zip",
                "url": "https://api.github.com/repos/auraphp/Aura.Web/zipball/6b79ef534ce84a659c24d293b43e3b5eaf81cf36",
                "reference": "6b79ef534ce84a659c24d293b43e3b5eaf81cf36",
                "shasum": ""
            },
            "require": {
                "php": ">=5.3.0"
            },
            "type": "library",
            "extra": {
                "aura": {
                    "type": "library",
                    "config": {
                        "common": "Aura\\Web\\_Config\\Common"
                    }
                },
                "branch-alias": {
                    "dev-develop-2": "2.0.x-dev"
                }
            },
            "autoload": {
                "psr-4": {
                    "Aura\\Web\\": "src/",
                    "Aura\\Web\\_Config\\": "config/"
                }
            },
            "notification-url": "https://packagist.org/downloads/",
            "license": [
                "BSD-2-Clause"
            ],
            "authors": [
                {
                    "name": "Aura.Web Contributors",
                    "homepage": "https://github.com/auraphp/Aura.Web/contributors"
                }
            ],
            "description": "Provides web Request and Response objects for use by web controllers and actions. These are representations of the PHP web environment, not HTTP request and response objects proper.",
            "homepage": "https://github.com/auraphp/Aura.Web",
            "keywords": [
                "request",
                "response"
            ],
            "time": "2015-01-19 21:29:16"
        },
        {
            "name": "bear/app-meta",
            "version": "0.1.1",
            "source": {
                "type": "git",
                "url": "https://github.com/BEARSunday/BEAR.AppMeta.git",
                "reference": "f8410ec824853570274246a45a0b94b869d337fc"
            },
            "dist": {
                "type": "zip",
                "url": "https://api.github.com/repos/BEARSunday/BEAR.AppMeta/zipball/f8410ec824853570274246a45a0b94b869d337fc",
                "reference": "f8410ec824853570274246a45a0b94b869d337fc",
                "shasum": ""
            },
            "require": {
                "bear/resource": "~1.0@dev",
                "koriym/psr4list": "~1.0@dev"
            },
            "type": "library",
            "extra": {
                "branch-alias": {
                    "dev-develop": "0.1.x-dev"
                }
            },
            "autoload": {
                "psr-4": {
                    "BEAR\\AppMeta\\": "src/"
                }
            },
            "notification-url": "https://packagist.org/downloads/",
            "license": [
                "BSD-3-Clause"
            ],
            "description": "BEAR.Sunday application meta information",
            "keywords": [
                "BEARSunday"
            ],
            "time": "2015-02-17 16:23:25"
        },
        {
            "name": "bear/package",
            "version": "dev-develop-2",
            "source": {
                "type": "git",
                "url": "https://github.com/bearsunday/BEAR.Package.git",
                "reference": "fd4603c9c6cbd78ca34d5c39a157f137c891bd9e"
            },
            "dist": {
                "type": "zip",
                "url": "https://api.github.com/repos/bearsunday/BEAR.Package/zipball/fd4603c9c6cbd78ca34d5c39a157f137c891bd9e",
                "reference": "fd4603c9c6cbd78ca34d5c39a157f137c891bd9e",
                "shasum": ""
            },
            "require": {
                "aura/cli": "~2.0",
                "aura/router": "~2.0",
                "aura/web": "~2.0",
                "bear/app-meta": "~0.1",
                "bear/query-repository": "~0.1",
                "bear/sunday": "~1.0",
                "php": ">=5.5.0",
                "ray/web-param-module": "~0.1"
            },
            "provide": {
                "bear/framework": "1.0.0"
            },
            "require-dev": {
                "facebook/xhprof": "dev-master",
                "koriym/printo": "~1.0@dev"
            },
            "bin": [
                "bin/bear.env",
                "bin/bear.preload"
            ],
            "type": "library",
            "extra": {
                "branch-alias": {
                    "dev-develop-2": "1.0.x-dev"
                }
            },
            "autoload": {
                "psr-4": {
                    "BEAR\\Package\\": "src/"
                }
            },
            "notification-url": "https://packagist.org/downloads/",
            "license": [
                "BSD-3-Clause"
            ],
            "authors": [
                {
                    "name": "BEAR.Package Contributors",
                    "homepage": "https://github.com/koriym/BEAR.Package/graphs/contributors"
                }
            ],
            "description": "BEAR.Sunday framework package",
            "homepage": "https://github.com/koriym/BEAR.Package",
            "keywords": [
                "BEAR.Sunday",
                "aop",
                "api",
                "di",
                "framework",
                "hypermedia",
                "rest"
            ],
            "time": "2015-03-08 11:06:19"
        },
        {
            "name": "bear/query-repository",
            "version": "0.2.0",
            "source": {
                "type": "git",
                "url": "https://github.com/bearsunday/BEAR.QueryRepository.git",
                "reference": "d81acab25680814fcfdf6ebf539b3ed488ddb34b"
            },
            "dist": {
                "type": "zip",
                "url": "https://api.github.com/repos/bearsunday/BEAR.QueryRepository/zipball/d81acab25680814fcfdf6ebf539b3ed488ddb34b",
                "reference": "d81acab25680814fcfdf6ebf539b3ed488ddb34b",
                "shasum": ""
            },
            "require": {
                "bear/resource": "~1.0@dev"
            },
            "type": "library",
            "extra": {
                "branch-alias": {
                    "dev-develop": "0.1.x-dev"
                }
            },
            "autoload": {
                "psr-4": {
                    "BEAR\\QueryRepository\\": "src/"
                },
                "files": [
                    "src-file/doctrine_annotations.php"
                ]
            },
            "notification-url": "https://packagist.org/downloads/",
            "license": [
                "BSD-3-Clause"
            ],
            "authors": [
                {
                    "name": "Akihito Koriyama",
                    "email": "akihito.koriyama@gmail.com"
                }
            ],
            "description": "Resource query responsibility segregation",
            "time": "2015-03-09 15:34:30"
        },
        {
            "name": "bear/resource",
            "version": "dev-develop-2",
            "source": {
                "type": "git",
                "url": "https://github.com/bearsunday/BEAR.Resource.git",
                "reference": "4fa8469a9becf99efd9e431f2ea4ef0e5c7a0289"
            },
            "dist": {
                "type": "zip",
                "url": "https://api.github.com/repos/bearsunday/BEAR.Resource/zipball/4fa8469a9becf99efd9e431f2ea4ef0e5c7a0289",
                "reference": "4fa8469a9becf99efd9e431f2ea4ef0e5c7a0289",
                "shasum": ""
            },
            "require": {
                "doctrine/cache": "~1.0",
                "nocarrier/hal": "~0.9",
                "php": ">=5.5.0",
                "ray/di": "~2.0",
                "rize/uri-template": "~0.2.5"
            },
            "suggest": {
                "ext-uri_template": "ext/uri_template for URI Template(RFC6570) specification."
            },
            "type": "library",
            "extra": {
                "branch-alias": {
                    "dev-develop-2": "1.0.x-dev"
                }
            },
            "autoload": {
                "psr-4": {
                    "BEAR\\Resource\\": "src/"
                },
                "files": [
                    "src-files/uri_template.php",
                    "src-files/doctrine_annotations.php"
                ]
            },
            "notification-url": "https://packagist.org/downloads/",
            "license": [
                "BSD-3-Clause"
            ],
            "authors": [
                {
                    "name": "Akihito Koriyama",
                    "email": "akihito.koriyama@gmail.com"
                }
            ],
            "description": "Hypermedia framework for object as a service",
            "homepage": "https://github.com/koriym/BEAR.Resource",
            "keywords": [
                "HATEOAS",
                "Object as a service",
                "hypermedia",
                "protocol",
                "rest"
            ],
            "time": "2015-02-28 17:09:02"
        },
        {
            "name": "bear/sunday",
            "version": "dev-develop-2",
            "source": {
                "type": "git",
                "url": "https://github.com/bearsunday/BEAR.Sunday.git",
                "reference": "f2fec2b4bbddba528657d3a1eb02b0dd7ed47bc7"
            },
            "dist": {
                "type": "zip",
                "url": "https://api.github.com/repos/bearsunday/BEAR.Sunday/zipball/f2fec2b4bbddba528657d3a1eb02b0dd7ed47bc7",
                "reference": "f2fec2b4bbddba528657d3a1eb02b0dd7ed47bc7",
                "shasum": ""
            },
            "require": {
                "bear/resource": "~1.0@dev",
                "doctrine/cache": "~1.0",
                "php": ">=5.5.0",
                "psr/log": "~1.0"
            },
            "type": "library",
            "extra": {
                "branch-alias": {
                    "dev-develop-2": "1.0.x-dev"
                }
            },
            "autoload": {
                "psr-4": {
                    "BEAR\\Sunday\\": "src/"
                }
            },
            "notification-url": "https://packagist.org/downloads/",
            "license": [
                "BSD-3-Clause"
            ],
            "authors": [
                {
                    "name": "BEAR.Sunday Contributors",
                    "homepage": "https://github.com/koriym/BEAR.Sunday/graphs/contributors"
                }
            ],
            "description": "Resource oriented framework",
            "homepage": "https://github.com/koriym/BEAR.Sunday",
            "keywords": [
                "aop",
                "di",
                "framework",
                "hypermedia",
                "rest"
            ],
            "time": "2015-03-01 10:00:11"
        },
        {
            "name": "doctrine/annotations",
            "version": "dev-master",
            "source": {
                "type": "git",
                "url": "https://github.com/doctrine/annotations.git",
                "reference": "b5202eb9e83f8db52e0e58867e0a46e63be8332e"
            },
            "dist": {
                "type": "zip",
                "url": "https://api.github.com/repos/doctrine/annotations/zipball/b5202eb9e83f8db52e0e58867e0a46e63be8332e",
                "reference": "b5202eb9e83f8db52e0e58867e0a46e63be8332e",
                "shasum": ""
            },
            "require": {
                "doctrine/lexer": "1.*",
                "php": ">=5.3.2"
            },
            "require-dev": {
                "doctrine/cache": "1.*",
                "phpunit/phpunit": "4.*"
            },
            "type": "library",
            "extra": {
                "branch-alias": {
                    "dev-master": "1.3.x-dev"
                }
            },
            "autoload": {
                "psr-0": {
                    "Doctrine\\Common\\Annotations\\": "lib/"
                }
            },
            "notification-url": "https://packagist.org/downloads/",
            "license": [
                "MIT"
            ],
            "authors": [
                {
                    "name": "Roman Borschel",
                    "email": "roman@code-factory.org"
                },
                {
                    "name": "Benjamin Eberlei",
                    "email": "kontakt@beberlei.de"
                },
                {
                    "name": "Guilherme Blanco",
                    "email": "guilhermeblanco@gmail.com"
                },
                {
                    "name": "Jonathan Wage",
                    "email": "jonwage@gmail.com"
                },
                {
                    "name": "Johannes Schmitt",
                    "email": "schmittjoh@gmail.com"
                }
            ],
            "description": "Docblock Annotations Parser",
            "homepage": "http://www.doctrine-project.org",
            "keywords": [
                "annotations",
                "docblock",
                "parser"
            ],
            "time": "2014-12-23 22:40:37"
        },
        {
            "name": "doctrine/cache",
            "version": "dev-master",
            "source": {
                "type": "git",
                "url": "https://github.com/doctrine/cache.git",
                "reference": "6c5c32eb6c596993d04e13b95d0c1e8153783d7a"
            },
            "dist": {
                "type": "zip",
                "url": "https://api.github.com/repos/doctrine/cache/zipball/6c5c32eb6c596993d04e13b95d0c1e8153783d7a",
                "reference": "6c5c32eb6c596993d04e13b95d0c1e8153783d7a",
                "shasum": ""
            },
            "require": {
                "php": ">=5.3.2"
            },
            "conflict": {
                "doctrine/common": ">2.2,<2.4"
            },
            "require-dev": {
                "phpunit/phpunit": ">=3.7",
                "predis/predis": "~1.0",
                "satooshi/php-coveralls": "~0.6"
            },
            "type": "library",
            "extra": {
                "branch-alias": {
                    "dev-master": "1.5.x-dev"
                }
            },
            "autoload": {
                "psr-0": {
                    "Doctrine\\Common\\Cache\\": "lib/"
                }
            },
            "notification-url": "https://packagist.org/downloads/",
            "license": [
                "MIT"
            ],
            "authors": [
                {
                    "name": "Roman Borschel",
                    "email": "roman@code-factory.org"
                },
                {
                    "name": "Benjamin Eberlei",
                    "email": "kontakt@beberlei.de"
                },
                {
                    "name": "Guilherme Blanco",
                    "email": "guilhermeblanco@gmail.com"
                },
                {
                    "name": "Jonathan Wage",
                    "email": "jonwage@gmail.com"
                },
                {
                    "name": "Johannes Schmitt",
                    "email": "schmittjoh@gmail.com"
                }
            ],
            "description": "Caching library offering an object-oriented API for many cache backends",
            "homepage": "http://www.doctrine-project.org",
            "keywords": [
                "cache",
                "caching"
            ],
            "time": "2015-02-16 12:24:01"
        },
        {
            "name": "doctrine/lexer",
            "version": "dev-master",
            "source": {
                "type": "git",
                "url": "https://github.com/doctrine/lexer.git",
                "reference": "83893c552fd2045dd78aef794c31e694c37c0b8c"
            },
            "dist": {
                "type": "zip",
                "url": "https://api.github.com/repos/doctrine/lexer/zipball/83893c552fd2045dd78aef794c31e694c37c0b8c",
                "reference": "83893c552fd2045dd78aef794c31e694c37c0b8c",
                "shasum": ""
            },
            "require": {
                "php": ">=5.3.2"
            },
            "type": "library",
            "extra": {
                "branch-alias": {
                    "dev-master": "1.0.x-dev"
                }
            },
            "autoload": {
                "psr-0": {
                    "Doctrine\\Common\\Lexer\\": "lib/"
                }
            },
            "notification-url": "https://packagist.org/downloads/",
            "license": [
                "MIT"
            ],
            "authors": [
                {
                    "name": "Roman Borschel",
                    "email": "roman@code-factory.org"
                },
                {
                    "name": "Guilherme Blanco",
                    "email": "guilhermeblanco@gmail.com"
                },
                {
                    "name": "Johannes Schmitt",
                    "email": "schmittjoh@gmail.com"
                }
            ],
            "description": "Base library for a lexer that can be used in Top-Down, Recursive Descent Parsers.",
            "homepage": "http://www.doctrine-project.org",
            "keywords": [
                "lexer",
                "parser"
            ],
            "time": "2014-09-09 13:34:57"
        },
        {
            "name": "facebook/xhprof",
            "version": "dev-master",
            "source": {
                "type": "git",
                "url": "https://github.com/lox/xhprof.git",
                "reference": "6bf00728827fc1e2a639dff6f94f1618396bffc5"
            },
            "dist": {
                "type": "zip",
                "url": "https://api.github.com/repos/lox/xhprof/zipball/6bf00728827fc1e2a639dff6f94f1618396bffc5",
                "reference": "6bf00728827fc1e2a639dff6f94f1618396bffc5",
                "shasum": ""
            },
            "require": {
                "php": ">=5.2.0"
            },
            "type": "library",
            "autoload": {
                "files": [
                    "xhprof_lib/utils/xhprof_lib.php",
                    "xhprof_lib/utils/xhprof_runs.php"
                ]
            },
            "notification-url": "https://packagist.org/downloads/",
            "license": [
                "Apache-2.0"
            ],
            "description": "XHProf: A Hierarchical Profiler for PHP",
            "homepage": "http://pecl.php.net/package/xhprof",
            "keywords": [
                "performance",
                "profiling"
            ],
            "time": "2014-08-29 01:48:15"
        },
        {
            "name": "koriym/psr4list",
            "version": "dev-master",
            "source": {
                "type": "git",
                "url": "https://github.com/koriym/Koriym.Psr4List.git",
                "reference": "601ec2933b4f2a74ec127b4ccadcdd56ae585c17"
            },
            "dist": {
                "type": "zip",
                "url": "https://api.github.com/repos/koriym/Koriym.Psr4List/zipball/601ec2933b4f2a74ec127b4ccadcdd56ae585c17",
                "reference": "601ec2933b4f2a74ec127b4ccadcdd56ae585c17",
                "shasum": ""
            },
            "type": "library",
            "extra": {
                "branch-alias": {
                    "dev-master": "1.0.x-dev"
                }
            },
            "autoload": {
                "psr-4": {
                    "Koriym\\Psr4List\\": "src/"
                }
            },
            "notification-url": "https://packagist.org/downloads/",
            "license": [
                "BSD-3-Clause"
            ],
            "description": "Returns the name of the classes in PSR4 path",
            "keywords": [
                "psr4"
            ],
            "time": "2014-12-07 13:13:05"
        },
        {
            "name": "nikic/php-parser",
            "version": "dev-master",
            "source": {
                "type": "git",
                "url": "https://github.com/nikic/PHP-Parser.git",
                "reference": "a2d7e8977a406232b3a3396cae5925d8f26eadbe"
            },
            "dist": {
                "type": "zip",
                "url": "https://api.github.com/repos/nikic/PHP-Parser/zipball/a2d7e8977a406232b3a3396cae5925d8f26eadbe",
                "reference": "a2d7e8977a406232b3a3396cae5925d8f26eadbe",
                "shasum": ""
            },
            "require": {
                "ext-tokenizer": "*",
                "php": ">=5.3"
            },
            "type": "library",
            "extra": {
                "branch-alias": {
                    "dev-master": "1.1-dev"
                }
            },
            "autoload": {
                "files": [
                    "lib/bootstrap.php"
                ]
            },
            "notification-url": "https://packagist.org/downloads/",
            "license": [
                "BSD-3-Clause"
            ],
            "authors": [
                {
                    "name": "Nikita Popov"
                }
            ],
            "description": "A PHP parser written in PHP",
            "keywords": [
                "parser",
                "php"
            ],
            "time": "2015-03-09 07:54:20"
        },
        {
            "name": "nocarrier/hal",
            "version": "0.9.10",
            "source": {
                "type": "git",
                "url": "https://github.com/blongden/hal.git",
                "reference": "4ff57176cb4ebde4245bda979ed662a0f8480b97"
            },
            "dist": {
                "type": "zip",
                "url": "https://api.github.com/repos/blongden/hal/zipball/4ff57176cb4ebde4245bda979ed662a0f8480b97",
                "reference": "4ff57176cb4ebde4245bda979ed662a0f8480b97",
                "shasum": ""
            },
            "require": {
                "php": ">=5.3.0"
            },
            "require-dev": {
                "phpunit/phpunit": "4.*"
            },
            "type": "library",
            "autoload": {
                "psr-0": {
                    "Nocarrier": "src"
                }
            },
            "notification-url": "https://packagist.org/downloads/",
            "license": [
                "MIT"
            ],
            "authors": [
                {
                    "name": "Ben Longden",
                    "email": "ben@nocarrier.co.uk",
                    "homepage": "http://nocarrier.co.uk"
                }
            ],
            "description": "application/hal builder / formatter for PHP 5.3+",
            "homepage": "https://github.com/blongden/hal",
            "keywords": [
                "hal",
                "hypermedia",
                "json",
                "rest",
                "xml"
            ],
            "time": "2014-11-24 11:48:52"
        },
        {
            "name": "psr/log",
            "version": "dev-master",
            "source": {
                "type": "git",
                "url": "https://github.com/php-fig/log.git",
                "reference": "1af1529b49a6e065ae6802e70192aba35d79b7d8"
            },
            "dist": {
                "type": "zip",
                "url": "https://api.github.com/repos/php-fig/log/zipball/1af1529b49a6e065ae6802e70192aba35d79b7d8",
                "reference": "1af1529b49a6e065ae6802e70192aba35d79b7d8",
                "shasum": ""
            },
            "type": "library",
            "extra": {
                "branch-alias": {
                    "dev-master": "1.0.x-dev"
                }
            },
            "autoload": {
                "psr-0": {
                    "Psr\\Log\\": ""
                }
            },
            "notification-url": "https://packagist.org/downloads/",
            "license": [
                "MIT"
            ],
            "authors": [
                {
                    "name": "PHP-FIG",
                    "homepage": "http://www.php-fig.org/"
                }
            ],
            "description": "Common interface for logging libraries",
            "keywords": [
                "log",
                "psr",
                "psr-3"
            ],
            "time": "2015-02-05 09:32:11"
        },
        {
            "name": "ray/aop",
            "version": "dev-develop-2",
            "source": {
                "type": "git",
                "url": "https://github.com/ray-di/Ray.Aop.git",
                "reference": "fdd97c2d59d7e2cb0a12399a583b2f38d63142e9"
            },
            "dist": {
                "type": "zip",
                "url": "https://api.github.com/repos/ray-di/Ray.Aop/zipball/fdd97c2d59d7e2cb0a12399a583b2f38d63142e9",
                "reference": "fdd97c2d59d7e2cb0a12399a583b2f38d63142e9",
                "shasum": ""
            },
            "require": {
                "doctrine/annotations": "~1.1",
                "nikic/php-parser": "~1.0",
                "php": ">=5.4.0"
            },
            "suggest": {
                "ray/di": "A dependency injection framework with Ray.Aop"
            },
            "type": "library",
            "extra": {
                "branch-alias": {
                    "dev-develop-2": "2.0.x-dev"
                }
            },
            "autoload": {
                "psr-4": {
                    "Ray\\Aop\\": "src/"
                }
            },
            "notification-url": "https://packagist.org/downloads/",
            "license": [
                "BSD-3-Clause"
            ],
            "authors": [
                {
                    "name": "Akihito Koriyama",
                    "email": "akihito.koriyama@gmail.com"
                }
            ],
            "description": "An aspect oriented framework",
            "homepage": "https://github.com/koriym/Ray.Aop",
            "keywords": [
                "AOP Alliance",
                "annotations",
                "aop",
                "code-gen"
            ],
            "time": "2015-02-28 11:17:42"
        },
        {
            "name": "ray/di",
            "version": "dev-develop-2",
            "source": {
                "type": "git",
                "url": "https://github.com/ray-di/Ray.Di.git",
                "reference": "0b8f613a8796cad530ddf6562ff4806349b5fea5"
            },
            "dist": {
                "type": "zip",
                "url": "https://api.github.com/repos/ray-di/Ray.Di/zipball/0b8f613a8796cad530ddf6562ff4806349b5fea5",
                "reference": "0b8f613a8796cad530ddf6562ff4806349b5fea5",
                "shasum": ""
            },
            "require": {
                "php": ">=5.4.0",
                "ray/aop": "~2.0"
            },
            "type": "library",
            "extra": {
                "branch-alias": {
                    "dev-develop-2": "2.0.x-dev"
                }
            },
            "autoload": {
                "psr-4": {
                    "Ray\\Di\\": "src/"
                }
            },
            "notification-url": "https://packagist.org/downloads/",
            "license": [
                "BSD-2-Clause"
            ],
            "authors": [
                {
                    "name": "Akihito Koriyama",
                    "email": "akihito.koriyama@gmail.com"
                }
            ],
            "description": "Guice style annotation-driven dependency injection framework",
            "homepage": "https://github.com/koriym/Ray.Di",
            "keywords": [
                "annotations",
                "aop",
                "di",
                "guice"
            ],
            "time": "2015-02-28 12:55:28"
        },
        {
            "name": "ray/web-param-module",
            "version": "0.2.0",
            "source": {
                "type": "git",
                "url": "https://github.com/ray-di/Ray.WebParamModule.git",
                "reference": "4b14fcacb83bf5d3581d6afa9628d25861746252"
            },
            "dist": {
                "type": "zip",
                "url": "https://api.github.com/repos/ray-di/Ray.WebParamModule/zipball/4b14fcacb83bf5d3581d6afa9628d25861746252",
                "reference": "4b14fcacb83bf5d3581d6afa9628d25861746252",
                "shasum": ""
            },
            "require": {
                "doctrine/cache": "~1.0",
                "ray/di": "~2.0@dev"
            },
            "type": "library",
            "extra": {
                "branch-alias": {
                    "dev-develop": "0.1.x-dev"
                }
            },
            "autoload": {
                "psr-4": {
                    "Ray\\WebContextParam\\": "src/"
                },
                "files": [
                    "doctrine_annotations.php"
                ]
            },
            "notification-url": "https://packagist.org/downloads/",
            "license": [
                "BSD-3-Clause"
            ],
            "description": "Binds the value(s) of a web context to method parameter.",
            "keywords": [
                "Ray.Di module",
                "Web context",
                "testability"
            ],
            "time": "2015-03-01 15:39:27"
        },
        {
            "name": "rize/uri-template",
            "version": "0.2.6",
            "source": {
                "type": "git",
                "url": "https://github.com/rize/UriTemplate.git",
                "reference": "907ca9b59014f18f6c3f1158bdd46a3c1675e9f0"
            },
            "dist": {
                "type": "zip",
                "url": "https://api.github.com/repos/rize/UriTemplate/zipball/907ca9b59014f18f6c3f1158bdd46a3c1675e9f0",
                "reference": "907ca9b59014f18f6c3f1158bdd46a3c1675e9f0",
                "shasum": ""
            },
            "require": {
                "php": ">=5.3.0"
            },
            "require-dev": {
                "phpunit/phpunit": "~4.0.0"
            },
            "type": "library",
            "autoload": {
                "psr-0": {
                    "Rize\\UriTemplate": "src/"
                }
            },
            "notification-url": "https://packagist.org/downloads/",
            "license": [
                "MIT"
            ],
            "authors": [
                {
                    "name": "Marut K",
                    "homepage": "http://twitter.com/rezigned"
                }
            ],
            "description": "PHP URI Template (RFC 6570) supports both expansion & extraction",
            "keywords": [
                "RFC 6570",
                "template",
                "uri"
            ],
            "time": "2014-06-11 06:00:32"
        }
    ],
    "packages-dev": [],
    "aliases": [],
    "minimum-stability": "dev",
    "stability-flags": {
        "bear/package": 20,
        "facebook/xhprof": 20
    },
    "prefer-stable": false,
    "prefer-lowest": false,
    "platform": [],
    "platform-dev": []
}
